// !$*UTF8*$!
{
	archiveVersion = 1;
	classes = {
	};
	objectVersion = 48;
	objects = {

/* Begin PBXBuildFile section */
		4304BD611FAC60EB00581CC9 /* HanvonInputTests.m in Sources */ = {isa = PBXBuildFile; fileRef = 4304BD601FAC60EB00581CC9 /* HanvonInputTests.m */; };
		4304BD6C1FAC60EB00581CC9 /* HanvonInputUITests.m in Sources */ = {isa = PBXBuildFile; fileRef = 4304BD6B1FAC60EB00581CC9 /* HanvonInputUITests.m */; };
		4304BD881FAC63ED00581CC9 /* Assets.xcassets in Resources */ = {isa = PBXBuildFile; fileRef = 4304BD811FAC63ED00581CC9 /* Assets.xcassets */; };
		4304BD8C1FAC63ED00581CC9 /* main.m in Sources */ = {isa = PBXBuildFile; fileRef = 4304BD871FAC63ED00581CC9 /* main.m */; };
		4304BD911FAC646D00581CC9 /* AppDelegate.m in Sources */ = {isa = PBXBuildFile; fileRef = 4304BD8F1FAC646C00581CC9 /* AppDelegate.m */; };
		4304BD971FAC659300581CC9 /* GZHomeViewController.m in Sources */ = {isa = PBXBuildFile; fileRef = 4304BD961FAC659300581CC9 /* GZHomeViewController.m */; };
		4304BD9A1FAC65E100581CC9 /* GZGuideViewController.m in Sources */ = {isa = PBXBuildFile; fileRef = 4304BD991FAC65E100581CC9 /* GZGuideViewController.m */; };
		4304BD9D1FAC662200581CC9 /* GZRootNavigationController.m in Sources */ = {isa = PBXBuildFile; fileRef = 4304BD9C1FAC662200581CC9 /* GZRootNavigationController.m */; };
		4304BDBC1FADA9DD00581CC9 /* KeyboardViewController.m in Sources */ = {isa = PBXBuildFile; fileRef = 4304BDBB1FADA9DD00581CC9 /* KeyboardViewController.m */; };
		4304BDC01FADA9DD00581CC9 /* HanvonKeyboard.appex in Embed App Extensions */ = {isa = PBXBuildFile; fileRef = 4304BDB81FADA9DD00581CC9 /* HanvonKeyboard.appex */; settings = {ATTRIBUTES = (RemoveHeadersOnCopy, ); }; };
		4304BDE81FADB68A00581CC9 /* GZCandidateBarView.m in Sources */ = {isa = PBXBuildFile; fileRef = 4304BDE71FADB68A00581CC9 /* GZCandidateBarView.m */; };
		4332A0DE209AF575009C4730 /* GZPublicMethod.m in Sources */ = {isa = PBXBuildFile; fileRef = 4332A0D6209AF575009C4730 /* GZPublicMethod.m */; };
		4332A0DF209AF575009C4730 /* GZPublicMethod.m in Sources */ = {isa = PBXBuildFile; fileRef = 4332A0D6209AF575009C4730 /* GZPublicMethod.m */; };
		4332A0E0209AF575009C4730 /* UIColor+GZColorHex.m in Sources */ = {isa = PBXBuildFile; fileRef = 4332A0DB209AF575009C4730 /* UIColor+GZColorHex.m */; };
		4332A0E1209AF575009C4730 /* UIColor+GZColorHex.m in Sources */ = {isa = PBXBuildFile; fileRef = 4332A0DB209AF575009C4730 /* UIColor+GZColorHex.m */; };
		4332A0E2209AF575009C4730 /* GZUserPlist.m in Sources */ = {isa = PBXBuildFile; fileRef = 4332A0DC209AF575009C4730 /* GZUserPlist.m */; };
		4332A0E3209AF575009C4730 /* GZUserPlist.m in Sources */ = {isa = PBXBuildFile; fileRef = 4332A0DC209AF575009C4730 /* GZUserPlist.m */; };
		4332A0E4209AF575009C4730 /* GZUserDefaults.m in Sources */ = {isa = PBXBuildFile; fileRef = 4332A0DD209AF575009C4730 /* GZUserDefaults.m */; };
		4332A0E5209AF575009C4730 /* GZUserDefaults.m in Sources */ = {isa = PBXBuildFile; fileRef = 4332A0DD209AF575009C4730 /* GZUserDefaults.m */; };
		4378D662208ED15000A3510E /* GZCandidateCell.m in Sources */ = {isa = PBXBuildFile; fileRef = 4378D661208ED15000A3510E /* GZCandidateCell.m */; };
		437F69C41FCFBA170060E4D0 /* GZView.m in Sources */ = {isa = PBXBuildFile; fileRef = 437F69C31FCFBA170060E4D0 /* GZView.m */; };
		43BD3B6F1FB54F7D00721696 /* GZButton.m in Sources */ = {isa = PBXBuildFile; fileRef = 43BD3B6E1FB54F7D00721696 /* GZButton.m */; };
/* End PBXBuildFile section */

/* Begin PBXContainerItemProxy section */
		4304BD5D1FAC60EB00581CC9 /* PBXContainerItemProxy */ = {
			isa = PBXContainerItemProxy;
			containerPortal = 4304BD3C1FAC60EA00581CC9 /* Project object */;
			proxyType = 1;
			remoteGlobalIDString = 4304BD431FAC60EA00581CC9;
			remoteInfo = HanvonInput;
		};
		4304BD681FAC60EB00581CC9 /* PBXContainerItemProxy */ = {
			isa = PBXContainerItemProxy;
			containerPortal = 4304BD3C1FAC60EA00581CC9 /* Project object */;
			proxyType = 1;
			remoteGlobalIDString = 4304BD431FAC60EA00581CC9;
			remoteInfo = HanvonInput;
		};
		4304BDBE1FADA9DD00581CC9 /* PBXContainerItemProxy */ = {
			isa = PBXContainerItemProxy;
			containerPortal = 4304BD3C1FAC60EA00581CC9 /* Project object */;
			proxyType = 1;
			remoteGlobalIDString = 4304BDB71FADA9DD00581CC9;
			remoteInfo = HanvonKeyboard;
		};
/* End PBXContainerItemProxy section */

/* Begin PBXCopyFilesBuildPhase section */
		4304BDC41FADA9DD00581CC9 /* Embed App Extensions */ = {
			isa = PBXCopyFilesBuildPhase;
			buildActionMask = 12;
			dstPath = "";
			dstSubfolderSpec = 13;
			files = (
				4304BDC01FADA9DD00581CC9 /* HanvonKeyboard.appex in Embed App Extensions */,
			);
			name = "Embed App Extensions";
			runOnlyForDeploymentPostprocessing = 0;
		};
/* End PBXCopyFilesBuildPhase section */

/* Begin PBXFileReference section */
		4304BD441FAC60EA00581CC9 /* HanvonInput.app */ = {isa = PBXFileReference; explicitFileType = wrapper.application; includeInIndex = 0; path = HanvonInput.app; sourceTree = BUILT_PRODUCTS_DIR; };
		4304BD5C1FAC60EB00581CC9 /* HanvonInputTests.xctest */ = {isa = PBXFileReference; explicitFileType = wrapper.cfbundle; includeInIndex = 0; path = HanvonInputTests.xctest; sourceTree = BUILT_PRODUCTS_DIR; };
		4304BD601FAC60EB00581CC9 /* HanvonInputTests.m */ = {isa = PBXFileReference; lastKnownFileType = sourcecode.c.objc; path = HanvonInputTests.m; sourceTree = "<group>"; };
		4304BD621FAC60EB00581CC9 /* Info.plist */ = {isa = PBXFileReference; lastKnownFileType = text.plist.xml; path = Info.plist; sourceTree = "<group>"; };
		4304BD671FAC60EB00581CC9 /* HanvonInputUITests.xctest */ = {isa = PBXFileReference; explicitFileType = wrapper.cfbundle; includeInIndex = 0; path = HanvonInputUITests.xctest; sourceTree = BUILT_PRODUCTS_DIR; };
		4304BD6B1FAC60EB00581CC9 /* HanvonInputUITests.m */ = {isa = PBXFileReference; lastKnownFileType = sourcecode.c.objc; path = HanvonInputUITests.m; sourceTree = "<group>"; };
		4304BD6D1FAC60EB00581CC9 /* Info.plist */ = {isa = PBXFileReference; lastKnownFileType = text.plist.xml; path = Info.plist; sourceTree = "<group>"; };
		4304BD811FAC63ED00581CC9 /* Assets.xcassets */ = {isa = PBXFileReference; lastKnownFileType = folder.assetcatalog; path = Assets.xcassets; sourceTree = "<group>"; };
		4304BD861FAC63ED00581CC9 /* Info.plist */ = {isa = PBXFileReference; fileEncoding = 4; lastKnownFileType = text.plist.xml; path = Info.plist; sourceTree = "<group>"; };
		4304BD871FAC63ED00581CC9 /* main.m */ = {isa = PBXFileReference; fileEncoding = 4; lastKnownFileType = sourcecode.c.objc; path = main.m; sourceTree = "<group>"; };
		4304BD8E1FAC646C00581CC9 /* AppDelegate.h */ = {isa = PBXFileReference; fileEncoding = 4; lastKnownFileType = sourcecode.c.h; path = AppDelegate.h; sourceTree = "<group>"; };
		4304BD8F1FAC646C00581CC9 /* AppDelegate.m */ = {isa = PBXFileReference; fileEncoding = 4; lastKnownFileType = sourcecode.c.objc; path = AppDelegate.m; sourceTree = "<group>"; };
		4304BD951FAC659300581CC9 /* GZHomeViewController.h */ = {isa = PBXFileReference; lastKnownFileType = sourcecode.c.h; path = GZHomeViewController.h; sourceTree = "<group>"; };
		4304BD961FAC659300581CC9 /* GZHomeViewController.m */ = {isa = PBXFileReference; lastKnownFileType = sourcecode.c.objc; path = GZHomeViewController.m; sourceTree = "<group>"; };
		4304BD981FAC65E100581CC9 /* GZGuideViewController.h */ = {isa = PBXFileReference; lastKnownFileType = sourcecode.c.h; path = GZGuideViewController.h; sourceTree = "<group>"; };
		4304BD991FAC65E100581CC9 /* GZGuideViewController.m */ = {isa = PBXFileReference; lastKnownFileType = sourcecode.c.objc; path = GZGuideViewController.m; sourceTree = "<group>"; };
		4304BD9B1FAC662200581CC9 /* GZRootNavigationController.h */ = {isa = PBXFileReference; lastKnownFileType = sourcecode.c.h; path = GZRootNavigationController.h; sourceTree = "<group>"; };
		4304BD9C1FAC662200581CC9 /* GZRootNavigationController.m */ = {isa = PBXFileReference; lastKnownFileType = sourcecode.c.objc; path = GZRootNavigationController.m; sourceTree = "<group>"; };
		4304BDB81FADA9DD00581CC9 /* HanvonKeyboard.appex */ = {isa = PBXFileReference; explicitFileType = "wrapper.app-extension"; includeInIndex = 0; path = HanvonKeyboard.appex; sourceTree = BUILT_PRODUCTS_DIR; };
		4304BDBA1FADA9DD00581CC9 /* KeyboardViewController.h */ = {isa = PBXFileReference; lastKnownFileType = sourcecode.c.h; path = KeyboardViewController.h; sourceTree = "<group>"; };
		4304BDBB1FADA9DD00581CC9 /* KeyboardViewController.m */ = {isa = PBXFileReference; lastKnownFileType = sourcecode.c.objc; path = KeyboardViewController.m; sourceTree = "<group>"; };
		4304BDBD1FADA9DD00581CC9 /* Info.plist */ = {isa = PBXFileReference; lastKnownFileType = text.plist.xml; path = Info.plist; sourceTree = "<group>"; };
		4304BDE61FADB68A00581CC9 /* GZCandidateBarView.h */ = {isa = PBXFileReference; lastKnownFileType = sourcecode.c.h; path = GZCandidateBarView.h; sourceTree = "<group>"; };
		4304BDE71FADB68A00581CC9 /* GZCandidateBarView.m */ = {isa = PBXFileReference; lastKnownFileType = sourcecode.c.objc; path = GZCandidateBarView.m; sourceTree = "<group>"; };
		4332A0D6209AF575009C4730 /* GZPublicMethod.m */ = {isa = PBXFileReference; fileEncoding = 4; lastKnownFileType = sourcecode.c.objc; path = GZPublicMethod.m; sourceTree = "<group>"; };
		4332A0D7209AF575009C4730 /* GZUserDefaults.h */ = {isa = PBXFileReference; fileEncoding = 4; lastKnownFileType = sourcecode.c.h; path = GZUserDefaults.h; sourceTree = "<group>"; };
		4332A0D8209AF575009C4730 /* GZPublicMethod.h */ = {isa = PBXFileReference; fileEncoding = 4; lastKnownFileType = sourcecode.c.h; path = GZPublicMethod.h; sourceTree = "<group>"; };
		4332A0D9209AF575009C4730 /* GZUserPlist.h */ = {isa = PBXFileReference; fileEncoding = 4; lastKnownFileType = sourcecode.c.h; path = GZUserPlist.h; sourceTree = "<group>"; };
		4332A0DA209AF575009C4730 /* UIColor+GZColorHex.h */ = {isa = PBXFileReference; fileEncoding = 4; lastKnownFileType = sourcecode.c.h; path = "UIColor+GZColorHex.h"; sourceTree = "<group>"; };
		4332A0DB209AF575009C4730 /* UIColor+GZColorHex.m */ = {isa = PBXFileReference; fileEncoding = 4; lastKnownFileType = sourcecode.c.objc; path = "UIColor+GZColorHex.m"; sourceTree = "<group>"; };
		4332A0DC209AF575009C4730 /* GZUserPlist.m */ = {isa = PBXFileReference; fileEncoding = 4; lastKnownFileType = sourcecode.c.objc; path = GZUserPlist.m; sourceTree = "<group>"; };
		4332A0DD209AF575009C4730 /* GZUserDefaults.m */ = {isa = PBXFileReference; fileEncoding = 4; lastKnownFileType = sourcecode.c.objc; path = GZUserDefaults.m; sourceTree = "<group>"; };
		435C65881FB0728C00986313 /* Header.h */ = {isa = PBXFileReference; fileEncoding = 4; lastKnownFileType = sourcecode.c.h; path = Header.h; sourceTree = "<group>"; };
		435C65891FB0728C00986313 /* NSlog.pch */ = {isa = PBXFileReference; fileEncoding = 4; lastKnownFileType = sourcecode.c.h; path = NSlog.pch; sourceTree = "<group>"; };
		4378D660208ED14F00A3510E /* GZCandidateCell.h */ = {isa = PBXFileReference; fileEncoding = 4; lastKnownFileType = sourcecode.c.h; path = GZCandidateCell.h; sourceTree = "<group>"; };
		4378D661208ED15000A3510E /* GZCandidateCell.m */ = {isa = PBXFileReference; fileEncoding = 4; lastKnownFileType = sourcecode.c.objc; path = GZCandidateCell.m; sourceTree = "<group>"; };
		437F69C21FCFBA170060E4D0 /* GZView.h */ = {isa = PBXFileReference; lastKnownFileType = sourcecode.c.h; path = GZView.h; sourceTree = "<group>"; };
		437F69C31FCFBA170060E4D0 /* GZView.m */ = {isa = PBXFileReference; lastKnownFileType = sourcecode.c.objc; path = GZView.m; sourceTree = "<group>"; };
		43BD3B6D1FB54F7D00721696 /* GZButton.h */ = {isa = PBXFileReference; lastKnownFileType = sourcecode.c.h; path = GZButton.h; sourceTree = "<group>"; };
		43BD3B6E1FB54F7D00721696 /* GZButton.m */ = {isa = PBXFileReference; lastKnownFileType = sourcecode.c.objc; path = GZButton.m; sourceTree = "<group>"; };
/* End PBXFileReference section */

/* Begin PBXFrameworksBuildPhase section */
		4304BD411FAC60EA00581CC9 /* Frameworks */ = {
			isa = PBXFrameworksBuildPhase;
			buildActionMask = 2147483647;
			files = (
			);
			runOnlyForDeploymentPostprocessing = 0;
		};
		4304BD591FAC60EB00581CC9 /* Frameworks */ = {
			isa = PBXFrameworksBuildPhase;
			buildActionMask = 2147483647;
			files = (
			);
			runOnlyForDeploymentPostprocessing = 0;
		};
		4304BD641FAC60EB00581CC9 /* Frameworks */ = {
			isa = PBXFrameworksBuildPhase;
			buildActionMask = 2147483647;
			files = (
			);
			runOnlyForDeploymentPostprocessing = 0;
		};
		4304BDB51FADA9DD00581CC9 /* Frameworks */ = {
			isa = PBXFrameworksBuildPhase;
			buildActionMask = 2147483647;
			files = (
			);
			runOnlyForDeploymentPostprocessing = 0;
		};
/* End PBXFrameworksBuildPhase section */

/* Begin PBXGroup section */
		4304BD3B1FAC60EA00581CC9 = {
			isa = PBXGroup;
			children = (
				4304BD461FAC60EA00581CC9 /* HanvonInput */,
				4304BD5F1FAC60EB00581CC9 /* HanvonInputTests */,
				4304BD6A1FAC60EB00581CC9 /* HanvonInputUITests */,
				4304BDB91FADA9DD00581CC9 /* HanvonKeyboard */,
				4304BD451FAC60EA00581CC9 /* Products */,
			);
			sourceTree = "<group>";
		};
		4304BD451FAC60EA00581CC9 /* Products */ = {
			isa = PBXGroup;
			children = (
				4304BD441FAC60EA00581CC9 /* HanvonInput.app */,
				4304BD5C1FAC60EB00581CC9 /* HanvonInputTests.xctest */,
				4304BD671FAC60EB00581CC9 /* HanvonInputUITests.xctest */,
				4304BDB81FADA9DD00581CC9 /* HanvonKeyboard.appex */,
			);
			name = Products;
			sourceTree = "<group>";
		};
		4304BD461FAC60EA00581CC9 /* HanvonInput */ = {
			isa = PBXGroup;
			children = (
				4304BD9E1FAC667900581CC9 /* Support */,
				4304BD8D1FAC646C00581CC9 /* RootViewController */,
				4304BD901FAC646C00581CC9 /* ViewControllers */,
				4304BD801FAC63ED00581CC9 /* HanvonInputSupport */,
			);
			path = HanvonInput;
			sourceTree = "<group>";
		};
		4304BD5F1FAC60EB00581CC9 /* HanvonInputTests */ = {
			isa = PBXGroup;
			children = (
				4304BD601FAC60EB00581CC9 /* HanvonInputTests.m */,
				4304BD621FAC60EB00581CC9 /* Info.plist */,
			);
			path = HanvonInputTests;
			sourceTree = "<group>";
		};
		4304BD6A1FAC60EB00581CC9 /* HanvonInputUITests */ = {
			isa = PBXGroup;
			children = (
				4304BD6B1FAC60EB00581CC9 /* HanvonInputUITests.m */,
				4304BD6D1FAC60EB00581CC9 /* Info.plist */,
			);
			path = HanvonInputUITests;
			sourceTree = "<group>";
		};
		4304BD801FAC63ED00581CC9 /* HanvonInputSupport */ = {
			isa = PBXGroup;
			children = (
				4304BD811FAC63ED00581CC9 /* Assets.xcassets */,
				4304BD861FAC63ED00581CC9 /* Info.plist */,
				4304BD871FAC63ED00581CC9 /* main.m */,
			);
			path = HanvonInputSupport;
			sourceTree = "<group>";
		};
		4304BD8D1FAC646C00581CC9 /* RootViewController */ = {
			isa = PBXGroup;
			children = (
				4304BD8E1FAC646C00581CC9 /* AppDelegate.h */,
				4304BD8F1FAC646C00581CC9 /* AppDelegate.m */,
				4304BD981FAC65E100581CC9 /* GZGuideViewController.h */,
				4304BD991FAC65E100581CC9 /* GZGuideViewController.m */,
				4304BD9B1FAC662200581CC9 /* GZRootNavigationController.h */,
				4304BD9C1FAC662200581CC9 /* GZRootNavigationController.m */,
			);
			path = RootViewController;
			sourceTree = "<group>";
		};
		4304BD901FAC646C00581CC9 /* ViewControllers */ = {
			isa = PBXGroup;
			children = (
				4304BD951FAC659300581CC9 /* GZHomeViewController.h */,
				4304BD961FAC659300581CC9 /* GZHomeViewController.m */,
			);
			path = ViewControllers;
			sourceTree = "<group>";
		};
		4304BD9E1FAC667900581CC9 /* Support */ = {
			isa = PBXGroup;
			children = (
				435C65891FB0728C00986313 /* NSlog.pch */,
				435C65881FB0728C00986313 /* Header.h */,
				4332A0D8209AF575009C4730 /* GZPublicMethod.h */,
				4332A0D6209AF575009C4730 /* GZPublicMethod.m */,
				4332A0D7209AF575009C4730 /* GZUserDefaults.h */,
				4332A0DD209AF575009C4730 /* GZUserDefaults.m */,
				4332A0D9209AF575009C4730 /* GZUserPlist.h */,
				4332A0DC209AF575009C4730 /* GZUserPlist.m */,
				4332A0DA209AF575009C4730 /* UIColor+GZColorHex.h */,
				4332A0DB209AF575009C4730 /* UIColor+GZColorHex.m */,
			);
			path = Support;
			sourceTree = "<group>";
		};
		4304BDB91FADA9DD00581CC9 /* HanvonKeyboard */ = {
			isa = PBXGroup;
			children = (
				4304BDBA1FADA9DD00581CC9 /* KeyboardViewController.h */,
				4304BDBB1FADA9DD00581CC9 /* KeyboardViewController.m */,
				4304BDC61FADACAE00581CC9 /* Support */,
				4304BDE51FADB44B00581CC9 /* CandidateBar */,
				4304BDBD1FADA9DD00581CC9 /* Info.plist */,
			);
			path = HanvonKeyboard;
			sourceTree = "<group>";
		};
		4304BDC61FADACAE00581CC9 /* Support */ = {
			isa = PBXGroup;
			children = (
				43BD3B6D1FB54F7D00721696 /* GZButton.h */,
				43BD3B6E1FB54F7D00721696 /* GZButton.m */,
				437F69C21FCFBA170060E4D0 /* GZView.h */,
				437F69C31FCFBA170060E4D0 /* GZView.m */,
			);
			path = Support;
			sourceTree = "<group>";
		};
		4304BDE51FADB44B00581CC9 /* CandidateBar */ = {
			isa = PBXGroup;
			children = (
				4304BDE61FADB68A00581CC9 /* GZCandidateBarView.h */,
				4304BDE71FADB68A00581CC9 /* GZCandidateBarView.m */,
				4378D660208ED14F00A3510E /* GZCandidateCell.h */,
				4378D661208ED15000A3510E /* GZCandidateCell.m */,
			);
			path = CandidateBar;
			sourceTree = "<group>";
		};
/* End PBXGroup section */

/* Begin PBXNativeTarget section */
		4304BD431FAC60EA00581CC9 /* HanvonInput */ = {
			isa = PBXNativeTarget;
			buildConfigurationList = 4304BD701FAC60EB00581CC9 /* Build configuration list for PBXNativeTarget "HanvonInput" */;
			buildPhases = (
				4304BD401FAC60EA00581CC9 /* Sources */,
				4304BD411FAC60EA00581CC9 /* Frameworks */,
				4304BD421FAC60EA00581CC9 /* Resources */,
				4304BDC41FADA9DD00581CC9 /* Embed App Extensions */,
			);
			buildRules = (
			);
			dependencies = (
				4304BDBF1FADA9DD00581CC9 /* PBXTargetDependency */,
			);
			name = HanvonInput;
			productName = HanvonInput;
			productReference = 4304BD441FAC60EA00581CC9 /* HanvonInput.app */;
			productType = "com.apple.product-type.application";
		};
		4304BD5B1FAC60EB00581CC9 /* HanvonInputTests */ = {
			isa = PBXNativeTarget;
			buildConfigurationList = 4304BD731FAC60EB00581CC9 /* Build configuration list for PBXNativeTarget "HanvonInputTests" */;
			buildPhases = (
				4304BD581FAC60EB00581CC9 /* Sources */,
				4304BD591FAC60EB00581CC9 /* Frameworks */,
				4304BD5A1FAC60EB00581CC9 /* Resources */,
			);
			buildRules = (
			);
			dependencies = (
				4304BD5E1FAC60EB00581CC9 /* PBXTargetDependency */,
			);
			name = HanvonInputTests;
			productName = HanvonInputTests;
			productReference = 4304BD5C1FAC60EB00581CC9 /* HanvonInputTests.xctest */;
			productType = "com.apple.product-type.bundle.unit-test";
		};
		4304BD661FAC60EB00581CC9 /* HanvonInputUITests */ = {
			isa = PBXNativeTarget;
			buildConfigurationList = 4304BD761FAC60EB00581CC9 /* Build configuration list for PBXNativeTarget "HanvonInputUITests" */;
			buildPhases = (
				4304BD631FAC60EB00581CC9 /* Sources */,
				4304BD641FAC60EB00581CC9 /* Frameworks */,
				4304BD651FAC60EB00581CC9 /* Resources */,
			);
			buildRules = (
			);
			dependencies = (
				4304BD691FAC60EB00581CC9 /* PBXTargetDependency */,
			);
			name = HanvonInputUITests;
			productName = HanvonInputUITests;
			productReference = 4304BD671FAC60EB00581CC9 /* HanvonInputUITests.xctest */;
			productType = "com.apple.product-type.bundle.ui-testing";
		};
		4304BDB71FADA9DD00581CC9 /* HanvonKeyboard */ = {
			isa = PBXNativeTarget;
			buildConfigurationList = 4304BDC11FADA9DD00581CC9 /* Build configuration list for PBXNativeTarget "HanvonKeyboard" */;
			buildPhases = (
				4304BDB41FADA9DD00581CC9 /* Sources */,
				4304BDB51FADA9DD00581CC9 /* Frameworks */,
				4304BDB61FADA9DD00581CC9 /* Resources */,
			);
			buildRules = (
			);
			dependencies = (
			);
			name = HanvonKeyboard;
			productName = HanvonKeyboard;
			productReference = 4304BDB81FADA9DD00581CC9 /* HanvonKeyboard.appex */;
			productType = "com.apple.product-type.app-extension";
		};
/* End PBXNativeTarget section */

/* Begin PBXProject section */
		4304BD3C1FAC60EA00581CC9 /* Project object */ = {
			isa = PBXProject;
			attributes = {
				CLASSPREFIX = GZ;
				LastUpgradeCheck = 0900;
				ORGANIZATIONNAME = hanvon;
				TargetAttributes = {
					4304BD431FAC60EA00581CC9 = {
						CreatedOnToolsVersion = 9.0;
						ProvisioningStyle = Automatic;
						SystemCapabilities = {
							com.apple.ApplicationGroups.iOS = {
								enabled = 0;
							};
						};
					};
					4304BD5B1FAC60EB00581CC9 = {
						CreatedOnToolsVersion = 9.0;
						ProvisioningStyle = Automatic;
						TestTargetID = 4304BD431FAC60EA00581CC9;
					};
					4304BD661FAC60EB00581CC9 = {
						CreatedOnToolsVersion = 9.0;
						ProvisioningStyle = Automatic;
						TestTargetID = 4304BD431FAC60EA00581CC9;
					};
					4304BDB71FADA9DD00581CC9 = {
						CreatedOnToolsVersion = 9.0;
						ProvisioningStyle = Automatic;
						SystemCapabilities = {
							com.apple.ApplicationGroups.iOS = {
								enabled = 0;
							};
						};
					};
				};
			};
			buildConfigurationList = 4304BD3F1FAC60EA00581CC9 /* Build configuration list for PBXProject "HanvonInput" */;
			compatibilityVersion = "Xcode 8.0";
			developmentRegion = en;
			hasScannedForEncodings = 0;
			knownRegions = (
				en,
				Base,
			);
			mainGroup = 4304BD3B1FAC60EA00581CC9;
			productRefGroup = 4304BD451FAC60EA00581CC9 /* Products */;
			projectDirPath = "";
			projectRoot = "";
			targets = (
				4304BD431FAC60EA00581CC9 /* HanvonInput */,
				4304BD5B1FAC60EB00581CC9 /* HanvonInputTests */,
				4304BD661FAC60EB00581CC9 /* HanvonInputUITests */,
				4304BDB71FADA9DD00581CC9 /* HanvonKeyboard */,
			);
		};
/* End PBXProject section */

/* Begin PBXResourcesBuildPhase section */
		4304BD421FAC60EA00581CC9 /* Resources */ = {
			isa = PBXResourcesBuildPhase;
			buildActionMask = 2147483647;
			files = (
				4304BD881FAC63ED00581CC9 /* Assets.xcassets in Resources */,
			);
			runOnlyForDeploymentPostprocessing = 0;
		};
		4304BD5A1FAC60EB00581CC9 /* Resources */ = {
			isa = PBXResourcesBuildPhase;
			buildActionMask = 2147483647;
			files = (
			);
			runOnlyForDeploymentPostprocessing = 0;
		};
		4304BD651FAC60EB00581CC9 /* Resources */ = {
			isa = PBXResourcesBuildPhase;
			buildActionMask = 2147483647;
			files = (
			);
			runOnlyForDeploymentPostprocessing = 0;
		};
		4304BDB61FADA9DD00581CC9 /* Resources */ = {
			isa = PBXResourcesBuildPhase;
			buildActionMask = 2147483647;
			files = (
			);
			runOnlyForDeploymentPostprocessing = 0;
		};
/* End PBXResourcesBuildPhase section */

/* Begin PBXSourcesBuildPhase section */
		4304BD401FAC60EA00581CC9 /* Sources */ = {
			isa = PBXSourcesBuildPhase;
			buildActionMask = 2147483647;
			files = (
				4304BD9D1FAC662200581CC9 /* GZRootNavigationController.m in Sources */,
				4304BD9A1FAC65E100581CC9 /* GZGuideViewController.m in Sources */,
				4332A0E4209AF575009C4730 /* GZUserDefaults.m in Sources */,
				4332A0E0209AF575009C4730 /* UIColor+GZColorHex.m in Sources */,
				4304BD911FAC646D00581CC9 /* AppDelegate.m in Sources */,
				4332A0E2209AF575009C4730 /* GZUserPlist.m in Sources */,
				4304BD971FAC659300581CC9 /* GZHomeViewController.m in Sources */,
				4332A0DE209AF575009C4730 /* GZPublicMethod.m in Sources */,
				4304BD8C1FAC63ED00581CC9 /* main.m in Sources */,
			);
			runOnlyForDeploymentPostprocessing = 0;
		};
		4304BD581FAC60EB00581CC9 /* Sources */ = {
			isa = PBXSourcesBuildPhase;
			buildActionMask = 2147483647;
			files = (
				4304BD611FAC60EB00581CC9 /* HanvonInputTests.m in Sources */,
			);
			runOnlyForDeploymentPostprocessing = 0;
		};
		4304BD631FAC60EB00581CC9 /* Sources */ = {
			isa = PBXSourcesBuildPhase;
			buildActionMask = 2147483647;
			files = (
				4304BD6C1FAC60EB00581CC9 /* HanvonInputUITests.m in Sources */,
			);
			runOnlyForDeploymentPostprocessing = 0;
		};
		4304BDB41FADA9DD00581CC9 /* Sources */ = {
			isa = PBXSourcesBuildPhase;
			buildActionMask = 2147483647;
			files = (
				4378D662208ED15000A3510E /* GZCandidateCell.m in Sources */,
				4304BDBC1FADA9DD00581CC9 /* KeyboardViewController.m in Sources */,
				4332A0E5209AF575009C4730 /* GZUserDefaults.m in Sources */,
				4332A0E1209AF575009C4730 /* UIColor+GZColorHex.m in Sources */,
				43BD3B6F1FB54F7D00721696 /* GZButton.m in Sources */,
				4332A0E3209AF575009C4730 /* GZUserPlist.m in Sources */,
				4304BDE81FADB68A00581CC9 /* GZCandidateBarView.m in Sources */,
				4332A0DF209AF575009C4730 /* GZPublicMethod.m in Sources */,
				437F69C41FCFBA170060E4D0 /* GZView.m in Sources */,
			);
			runOnlyForDeploymentPostprocessing = 0;
		};
/* End PBXSourcesBuildPhase section */

/* Begin PBXTargetDependency section */
		4304BD5E1FAC60EB00581CC9 /* PBXTargetDependency */ = {
			isa = PBXTargetDependency;
			target = 4304BD431FAC60EA00581CC9 /* HanvonInput */;
			targetProxy = 4304BD5D1FAC60EB00581CC9 /* PBXContainerItemProxy */;
		};
		4304BD691FAC60EB00581CC9 /* PBXTargetDependency */ = {
			isa = PBXTargetDependency;
			target = 4304BD431FAC60EA00581CC9 /* HanvonInput */;
			targetProxy = 4304BD681FAC60EB00581CC9 /* PBXContainerItemProxy */;
		};
		4304BDBF1FADA9DD00581CC9 /* PBXTargetDependency */ = {
			isa = PBXTargetDependency;
			target = 4304BDB71FADA9DD00581CC9 /* HanvonKeyboard */;
			targetProxy = 4304BDBE1FADA9DD00581CC9 /* PBXContainerItemProxy */;
		};
/* End PBXTargetDependency section */

/* Begin XCBuildConfiguration section */
		4304BD6E1FAC60EB00581CC9 /* Debug */ = {
			isa = XCBuildConfiguration;
			buildSettings = {
				ALWAYS_SEARCH_USER_PATHS = NO;
				CLANG_ANALYZER_NONNULL = YES;
				CLANG_ANALYZER_NUMBER_OBJECT_CONVERSION = YES_AGGRESSIVE;
				CLANG_CXX_LANGUAGE_STANDARD = "gnu++14";
				CLANG_CXX_LIBRARY = "libc++";
				CLANG_ENABLE_MODULES = YES;
				CLANG_ENABLE_OBJC_ARC = YES;
				CLANG_WARN_BLOCK_CAPTURE_AUTORELEASING = YES;
				CLANG_WARN_BOOL_CONVERSION = YES;
				CLANG_WARN_COMMA = YES;
				CLANG_WARN_CONSTANT_CONVERSION = YES;
				CLANG_WARN_DIRECT_OBJC_ISA_USAGE = YES_ERROR;
				CLANG_WARN_DOCUMENTATION_COMMENTS = YES;
				CLANG_WARN_EMPTY_BODY = YES;
				CLANG_WARN_ENUM_CONVERSION = YES;
				CLANG_WARN_INFINITE_RECURSION = YES;
				CLANG_WARN_INT_CONVERSION = YES;
				CLANG_WARN_NON_LITERAL_NULL_CONVERSION = YES;
				CLANG_WARN_OBJC_LITERAL_CONVERSION = YES;
				CLANG_WARN_OBJC_ROOT_CLASS = YES_ERROR;
				CLANG_WARN_RANGE_LOOP_ANALYSIS = YES;
				CLANG_WARN_STRICT_PROTOTYPES = YES;
				CLANG_WARN_SUSPICIOUS_MOVE = YES;
				CLANG_WARN_UNGUARDED_AVAILABILITY = YES_AGGRESSIVE;
				CLANG_WARN_UNREACHABLE_CODE = YES;
				CLANG_WARN__DUPLICATE_METHOD_MATCH = YES;
				CODE_SIGN_IDENTITY = "iPhone Developer";
				COPY_PHASE_STRIP = NO;
				DEBUG_INFORMATION_FORMAT = "dwarf-with-dsym";
				ENABLE_BITCODE = YES;
				ENABLE_STRICT_OBJC_MSGSEND = YES;
				ENABLE_TESTABILITY = YES;
				GCC_C_LANGUAGE_STANDARD = gnu11;
				GCC_DYNAMIC_NO_PIC = NO;
				GCC_NO_COMMON_BLOCKS = YES;
				GCC_OPTIMIZATION_LEVEL = 0;
				GCC_PREPROCESSOR_DEFINITIONS = (
					"DEBUG=1",
					"$(inherited)",
				);
				GCC_WARN_64_TO_32_BIT_CONVERSION = YES;
				GCC_WARN_ABOUT_RETURN_TYPE = YES_ERROR;
				GCC_WARN_UNDECLARED_SELECTOR = YES;
				GCC_WARN_UNINITIALIZED_AUTOS = YES_AGGRESSIVE;
				GCC_WARN_UNUSED_FUNCTION = YES;
				GCC_WARN_UNUSED_VARIABLE = YES;
				INFOPLIST_FILE = "";
				IPHONEOS_DEPLOYMENT_TARGET = 8.0;
				MTL_ENABLE_DEBUG_INFO = YES;
				ONLY_ACTIVE_ARCH = YES;
				OTHER_CFLAGS = "";
				OTHER_LDFLAGS = "";
				SDKROOT = iphoneos;
				VALID_ARCHS = "armv7 armv7s arm64";
			};
			name = Debug;
		};
		4304BD6F1FAC60EB00581CC9 /* Release */ = {
			isa = XCBuildConfiguration;
			buildSettings = {
				ALWAYS_SEARCH_USER_PATHS = NO;
				CLANG_ANALYZER_NONNULL = YES;
				CLANG_ANALYZER_NUMBER_OBJECT_CONVERSION = YES_AGGRESSIVE;
				CLANG_CXX_LANGUAGE_STANDARD = "gnu++14";
				CLANG_CXX_LIBRARY = "libc++";
				CLANG_ENABLE_MODULES = YES;
				CLANG_ENABLE_OBJC_ARC = YES;
				CLANG_WARN_BLOCK_CAPTURE_AUTORELEASING = YES;
				CLANG_WARN_BOOL_CONVERSION = YES;
				CLANG_WARN_COMMA = YES;
				CLANG_WARN_CONSTANT_CONVERSION = YES;
				CLANG_WARN_DIRECT_OBJC_ISA_USAGE = YES_ERROR;
				CLANG_WARN_DOCUMENTATION_COMMENTS = YES;
				CLANG_WARN_EMPTY_BODY = YES;
				CLANG_WARN_ENUM_CONVERSION = YES;
				CLANG_WARN_INFINITE_RECURSION = YES;
				CLANG_WARN_INT_CONVERSION = YES;
				CLANG_WARN_NON_LITERAL_NULL_CONVERSION = YES;
				CLANG_WARN_OBJC_LITERAL_CONVERSION = YES;
				CLANG_WARN_OBJC_ROOT_CLASS = YES_ERROR;
				CLANG_WARN_RANGE_LOOP_ANALYSIS = YES;
				CLANG_WARN_STRICT_PROTOTYPES = YES;
				CLANG_WARN_SUSPICIOUS_MOVE = YES;
				CLANG_WARN_UNGUARDED_AVAILABILITY = YES_AGGRESSIVE;
				CLANG_WARN_UNREACHABLE_CODE = YES;
				CLANG_WARN__DUPLICATE_METHOD_MATCH = YES;
				CODE_SIGN_IDENTITY = "iPhone Developer";
				COPY_PHASE_STRIP = NO;
				DEBUG_INFORMATION_FORMAT = "dwarf-with-dsym";
				ENABLE_BITCODE = YES;
				ENABLE_NS_ASSERTIONS = NO;
				ENABLE_STRICT_OBJC_MSGSEND = YES;
				GCC_C_LANGUAGE_STANDARD = gnu11;
				GCC_NO_COMMON_BLOCKS = YES;
				GCC_WARN_64_TO_32_BIT_CONVERSION = YES;
				GCC_WARN_ABOUT_RETURN_TYPE = YES_ERROR;
				GCC_WARN_UNDECLARED_SELECTOR = YES;
				GCC_WARN_UNINITIALIZED_AUTOS = YES_AGGRESSIVE;
				GCC_WARN_UNUSED_FUNCTION = YES;
				GCC_WARN_UNUSED_VARIABLE = YES;
				INFOPLIST_FILE = "";
				IPHONEOS_DEPLOYMENT_TARGET = 8.0;
				MTL_ENABLE_DEBUG_INFO = NO;
				ONLY_ACTIVE_ARCH = NO;
				OTHER_CFLAGS = "";
				OTHER_LDFLAGS = "";
				SDKROOT = iphoneos;
				VALIDATE_PRODUCT = YES;
			};
			name = Release;
		};
		4304BD711FAC60EB00581CC9 /* Debug */ = {
			isa = XCBuildConfiguration;
			buildSettings = {
				ASSETCATALOG_COMPILER_APPICON_NAME = AppIcon;
				ASSETCATALOG_COMPILER_LAUNCHIMAGE_NAME = LaunchImage;
				"CODE_SIGN_IDENTITY[sdk=iphoneos*]" = "iPhone Developer";
				CODE_SIGN_STYLE = Automatic;
				DEVELOPMENT_TEAM = 9F625NUC44;
				ENABLE_BITCODE = YES;
				GCC_PRECOMPILE_PREFIX_HEADER = YES;
				GCC_PREFIX_HEADER = "$(SRCROOT)/HanvonInput/Support/NSlog.pch";
				INFOPLIST_FILE = "$(SRCROOT)/HanvonInput/HanvonInputSupport/Info.plist";
				IPHONEOS_DEPLOYMENT_TARGET = 8.0;
				LD_RUNPATH_SEARCH_PATHS = "$(inherited) @executable_path/Frameworks";
				ONLY_ACTIVE_ARCH = YES;
				OTHER_CFLAGS = "";
				PRODUCT_BUNDLE_IDENTIFIER = com.hanwang.HanvonInput;
				PRODUCT_NAME = "$(TARGET_NAME)";
				PROVISIONING_PROFILE = "";
				PROVISIONING_PROFILE_SPECIFIER = "";
				TARGETED_DEVICE_FAMILY = "1,2";
				VALID_ARCHS = "arm64 armv7 armv7s";
			};
			name = Debug;
		};
		4304BD721FAC60EB00581CC9 /* Release */ = {
			isa = XCBuildConfiguration;
			buildSettings = {
				ASSETCATALOG_COMPILER_APPICON_NAME = AppIcon;
				ASSETCATALOG_COMPILER_LAUNCHIMAGE_NAME = LaunchImage;
				"CODE_SIGN_IDENTITY[sdk=iphoneos*]" = "iPhone Developer";
				CODE_SIGN_STYLE = Automatic;
				DEVELOPMENT_TEAM = 9F625NUC44;
				ENABLE_BITCODE = YES;
				GCC_PRECOMPILE_PREFIX_HEADER = YES;
				GCC_PREFIX_HEADER = "$(SRCROOT)/HanvonInput/Support/NSlog.pch";
				INFOPLIST_FILE = "$(SRCROOT)/HanvonInput/HanvonInputSupport/Info.plist";
				IPHONEOS_DEPLOYMENT_TARGET = 8.0;
				LD_RUNPATH_SEARCH_PATHS = "$(inherited) @executable_path/Frameworks";
				ONLY_ACTIVE_ARCH = NO;
				OTHER_CFLAGS = "";
				PRODUCT_BUNDLE_IDENTIFIER = com.hanwang.HanvonInput;
				PRODUCT_NAME = "$(TARGET_NAME)";
				PROVISIONING_PROFILE_SPECIFIER = "";
				TARGETED_DEVICE_FAMILY = "1,2";
			};
			name = Release;
		};
		4304BD741FAC60EB00581CC9 /* Debug */ = {
			isa = XCBuildConfiguration;
			buildSettings = {
				BUNDLE_LOADER = "$(TEST_HOST)";
				CODE_SIGN_STYLE = Automatic;
				DEVELOPMENT_TEAM = RQJ35TZY2P;
				INFOPLIST_FILE = HanvonInputTests/Info.plist;
				LD_RUNPATH_SEARCH_PATHS = "$(inherited) @executable_path/Frameworks @loader_path/Frameworks";
				PRODUCT_BUNDLE_IDENTIFIER = com.hanvon.HanvonInputTests;
				PRODUCT_NAME = "$(TARGET_NAME)";
				TARGETED_DEVICE_FAMILY = "1,2";
				TEST_HOST = "$(BUILT_PRODUCTS_DIR)/HanvonInput.app/HanvonInput";
			};
			name = Debug;
		};
		4304BD751FAC60EB00581CC9 /* Release */ = {
			isa = XCBuildConfiguration;
			buildSettings = {
				BUNDLE_LOADER = "$(TEST_HOST)";
				CODE_SIGN_STYLE = Automatic;
				DEVELOPMENT_TEAM = RQJ35TZY2P;
				INFOPLIST_FILE = HanvonInputTests/Info.plist;
				LD_RUNPATH_SEARCH_PATHS = "$(inherited) @executable_path/Frameworks @loader_path/Frameworks";
				PRODUCT_BUNDLE_IDENTIFIER = com.hanvon.HanvonInputTests;
				PRODUCT_NAME = "$(TARGET_NAME)";
				TARGETED_DEVICE_FAMILY = "1,2";
				TEST_HOST = "$(BUILT_PRODUCTS_DIR)/HanvonInput.app/HanvonInput";
			};
			name = Release;
		};
		4304BD771FAC60EB00581CC9 /* Debug */ = {
			isa = XCBuildConfiguration;
			buildSettings = {
				CODE_SIGN_STYLE = Automatic;
				DEVELOPMENT_TEAM = RQJ35TZY2P;
				INFOPLIST_FILE = HanvonInputUITests/Info.plist;
				LD_RUNPATH_SEARCH_PATHS = "$(inherited) @executable_path/Frameworks @loader_path/Frameworks";
				PRODUCT_BUNDLE_IDENTIFIER = com.hanvon.HanvonInputUITests;
				PRODUCT_NAME = "$(TARGET_NAME)";
				TARGETED_DEVICE_FAMILY = "1,2";
				TEST_TARGET_NAME = HanvonInput;
			};
			name = Debug;
		};
		4304BD781FAC60EB00581CC9 /* Release */ = {
			isa = XCBuildConfiguration;
			buildSettings = {
				CODE_SIGN_STYLE = Automatic;
				DEVELOPMENT_TEAM = RQJ35TZY2P;
				INFOPLIST_FILE = HanvonInputUITests/Info.plist;
				LD_RUNPATH_SEARCH_PATHS = "$(inherited) @executable_path/Frameworks @loader_path/Frameworks";
				PRODUCT_BUNDLE_IDENTIFIER = com.hanvon.HanvonInputUITests;
				PRODUCT_NAME = "$(TARGET_NAME)";
				TARGETED_DEVICE_FAMILY = "1,2";
				TEST_TARGET_NAME = HanvonInput;
			};
			name = Release;
		};
		4304BDC21FADA9DD00581CC9 /* Debug */ = {
			isa = XCBuildConfiguration;
			buildSettings = {
				CLANG_ENABLE_MODULES = YES;
				"CODE_SIGN_IDENTITY[sdk=iphoneos*]" = "iPhone Developer";
				CODE_SIGN_STYLE = Automatic;
				DEVELOPMENT_TEAM = 9F625NUC44;
				ENABLE_BITCODE = NO;
				GCC_PREFIX_HEADER = "$(SRCROOT)/HanvonInput/Support/NSlog.pch";
				INFOPLIST_FILE = HanvonKeyboard/Info.plist;
				IPHONEOS_DEPLOYMENT_TARGET = 8.0;
				LD_RUNPATH_SEARCH_PATHS = "$(inherited) @executable_path/Frameworks @executable_path/../../Frameworks";
				LIBRARY_SEARCH_PATHS = (
					"$(inherited)",
					"$(PROJECT_DIR)/HanvonKeyboard/Support",
				);
				ONLY_ACTIVE_ARCH = YES;
				OTHER_CFLAGS = "";
				OTHER_LDFLAGS = "";
				PRODUCT_BUNDLE_IDENTIFIER = com.hanwang.HanvonInput.HanvonKeyboard;
				PRODUCT_NAME = "$(TARGET_NAME)";
				PROVISIONING_PROFILE = "";
				PROVISIONING_PROFILE_SPECIFIER = "";
				SKIP_INSTALL = YES;
				TARGETED_DEVICE_FAMILY = "1,2";
				VALID_ARCHS = "arm64 armv7 armv7s";
			};
			name = Debug;
		};
		4304BDC31FADA9DD00581CC9 /* Release */ = {
			isa = XCBuildConfiguration;
			buildSettings = {
				CLANG_ENABLE_MODULES = YES;
				"CODE_SIGN_IDENTITY[sdk=iphoneos*]" = "iPhone Developer";
				CODE_SIGN_STYLE = Automatic;
				DEVELOPMENT_TEAM = 9F625NUC44;
				ENABLE_BITCODE = NO;
				GCC_PREFIX_HEADER = "$(SRCROOT)/HanvonInput/Support/NSlog.pch";
				INFOPLIST_FILE = HanvonKeyboard/Info.plist;
				IPHONEOS_DEPLOYMENT_TARGET = 8.0;
				LD_RUNPATH_SEARCH_PATHS = "$(inherited) @executable_path/Frameworks @executable_path/../../Frameworks";
				LIBRARY_SEARCH_PATHS = (
					"$(inherited)",
					"$(PROJECT_DIR)/HanvonKeyboard/Support",
				);
				ONLY_ACTIVE_ARCH = NO;
				OTHER_CFLAGS = "";
				OTHER_LDFLAGS = "";
				PRODUCT_BUNDLE_IDENTIFIER = com.hanwang.HanvonInput.HanvonKeyboard;
				PRODUCT_NAME = "$(TARGET_NAME)";
				PROVISIONING_PROFILE_SPECIFIER = "";
				SKIP_INSTALL = YES;
				TARGETED_DEVICE_FAMILY = "1,2";
			};
			name = Release;
		};
/* End XCBuildConfiguration section */

/* Begin XCConfigurationList section */
		4304BD3F1FAC60EA00581CC9 /* Build configuration list for PBXProject "HanvonInput" */ = {
			isa = XCConfigurationList;
			buildConfigurations = (
				4304BD6E1FAC60EB00581CC9 /* Debug */,
				4304BD6F1FAC60EB00581CC9 /* Release */,
			);
			defaultConfigurationIsVisible = 0;
			defaultConfigurationName = Debug;
		};
		4304BD701FAC60EB00581CC9 /* Build configuration list for PBXNativeTarget "HanvonInput" */ = {
			isa = XCConfigurationList;
			buildConfigurations = (
				4304BD711FAC60EB00581CC9 /* Debug */,
				4304BD721FAC60EB00581CC9 /* Release */,
			);
			defaultConfigurationIsVisible = 0;
			defaultConfigurationName = Debug;
		};
		4304BD731FAC60EB00581CC9 /* Build configuration list for PBXNativeTarget "HanvonInputTests" */ = {
			isa = XCConfigurationList;
			buildConfigurations = (
				4304BD741FAC60EB00581CC9 /* Debug */,
				4304BD751FAC60EB00581CC9 /* Release */,
			);
			defaultConfigurationIsVisible = 0;
			defaultConfigurationName = Debug;
		};
		4304BD761FAC60EB00581CC9 /* Build configuration list for PBXNativeTarget "HanvonInputUITests" */ = {
			isa = XCConfigurationList;
			buildConfigurations = (
				4304BD771FAC60EB00581CC9 /* Debug */,
				4304BD781FAC60EB00581CC9 /* Release */,
			);
			defaultConfigurationIsVisible = 0;
			defaultConfigurationName = Debug;
		};
		4304BDC11FADA9DD00581CC9 /* Build configuration list for PBXNativeTarget "HanvonKeyboard" */ = {
			isa = XCConfigurationList;
			buildConfigurations = (
				4304BDC21FADA9DD00581CC9 /* Debug */,
				4304BDC31FADA9DD00581CC9 /* Release */,
			);
			defaultConfigurationIsVisible = 0;
			defaultConfigurationName = Debug;
		};
/* End XCConfigurationList section */
	};
	rootObject = 4304BD3C1FAC60EA00581CC9 /* Project object */;
}
